
Microsoft Visual Studio Solution File, Format Version 12.00
Project("{FAE04EC0-301F-11D3-BF4B-00C04F79EFBC}") = "WeatherMicroservice", "WeatherMicroservice\WeatherMicroservice.csproj", "{A65EF9BE-5C57-488A-A5CD-BF84EC9E7C08}"
EndProject
Project("{2150E333-8FDC-42A3-9474-1A3956D46DE8}") = "common", "common", "{24B45DBB-BBD1-4E8F-AEF6-66CAEF51519B}"
	ProjectSection(SolutionItems) = preProject
		.github\workflows\dotnet.yml = .github\workflows\dotnet.yml
	EndProjectSection
EndProject
Project("{FAE04EC0-301F-11D3-BF4B-00C04F79EFBC}") = "WeatherMicroservice.Tests", "WeatherMicroservice.Tests\WeatherMicroservice.Tests.csproj", "{5BC984A6-A7F2-4D30-BC7A-009C15C20A8B}"
EndProject
Global
	GlobalSection(SolutionConfigurationPlatforms) = preSolution
		Debug|Any CPU = Debug|Any CPU
		Release|Any CPU = Release|Any CPU
	EndGlobalSection
	GlobalSection(ProjectConfigurationPlatforms) = postSolution
		{A65EF9BE-5C57-488A-A5CD-BF84EC9E7C08}.Debug|Any CPU.ActiveCfg = Debug|Any CPU
		{A65EF9BE-5C57-488A-A5CD-BF84EC9E7C08}.Debug|Any CPU.Build.0 = Debug|Any CPU
		{A65EF9BE-5C57-488A-A5CD-BF84EC9E7C08}.Release|Any CPU.ActiveCfg = Release|Any CPU
		{A65EF9BE-5C57-488A-A5CD-BF84EC9E7C08}.Release|Any CPU.Build.0 = Release|Any CPU
		{5BC984A6-A7F2-4D30-BC7A-009C15C20A8B}.Debug|Any CPU.ActiveCfg = Debug|Any CPU
		{5BC984A6-A7F2-4D30-BC7A-009C15C20A8B}.Debug|Any CPU.Build.0 = Debug|Any CPU
		{5BC984A6-A7F2-4D30-BC7A-009C15C20A8B}.Release|Any CPU.ActiveCfg = Release|Any CPU
		{5BC984A6-A7F2-4D30-BC7A-009C15C20A8B}.Release|Any CPU.Build.0 = Release|Any CPU
	EndGlobalSection
EndGlobal
